// !$*UTF8*$!
{
	archiveVersion = 1;
	classes = {
	};
	objectVersion = 77;
	objects = {

/* Begin PBXBuildFile section */
		707259430A2C92B82189343F /* Pods_Audio_APP_WebRTC.framework in Frameworks */ = {isa = PBXBuildFile; fileRef = 89B8E0FC03788458049A4238 /* Pods_Audio_APP_WebRTC.framework */; };
		7D7F94E13123B3C3F2C6BCD1 /* Pods_Audio_APP_WebRTCUITests.framework in Frameworks */ = {isa = PBXBuildFile; fileRef = ED5160811E83C541C86C7234 /* Pods_Audio_APP_WebRTCUITests.framework */; };
		AE73A6E76242991D27B8275C /* Pods_Audio_APP_WebRTCTests.framework in Frameworks */ = {isa = PBXBuildFile; fileRef = 88F5E8E35D4CCB84C4561076 /* Pods_Audio_APP_WebRTCTests.framework */; };
/* End PBXBuildFile section */

/* Begin PBXContainerItemProxy section */
		E613A65E2F2B327F00D4D34C /* PBXContainerItemProxy */ = {
			isa = PBXContainerItemProxy;
			containerPortal = E613A6482F2B327E00D4D34C /* Project object */;
			proxyType = 1;
			remoteGlobalIDString = E613A64F2F2B327E00D4D34C;
			remoteInfo = Audio_APP_WebRTC;
		};
		E613A6682F2B327F00D4D34C /* PBXContainerItemProxy */ = {
			isa = PBXContainerItemProxy;
			containerPortal = E613A6482F2B327E00D4D34C /* Project object */;
			proxyType = 1;
			remoteGlobalIDString = E613A64F2F2B327E00D4D34C;
			remoteInfo = Audio_APP_WebRTC;
		};
/* End PBXContainerItemProxy section */

/* Begin PBXFileReference section */
		26D8E50599977CDFAF10004B /* Pods-Audio_APP_WebRTC.debug.xcconfig */ = {isa = PBXFileReference; includeInIndex = 1; lastKnownFileType = text.xcconfig; name = "Pods-Audio_APP_WebRTC.debug.xcconfig"; path = "Target Support Files/Pods-Audio_APP_WebRTC/Pods-Audio_APP_WebRTC.debug.xcconfig"; sourceTree = "<group>"; };
		3DFA1A39C985BE183CA9AEEF /* Pods-Audio_APP_WebRTC.release.xcconfig */ = {isa = PBXFileReference; includeInIndex = 1; lastKnownFileType = text.xcconfig; name = "Pods-Audio_APP_WebRTC.release.xcconfig"; path = "Target Support Files/Pods-Audio_APP_WebRTC/Pods-Audio_APP_WebRTC.release.xcconfig"; sourceTree = "<group>"; };
		3EF2A5930E3E0B32CD318CD7 /* Pods-Audio_APP_WebRTCTests.debug.xcconfig */ = {isa = PBXFileReference; includeInIndex = 1; lastKnownFileType = text.xcconfig; name = "Pods-Audio_APP_WebRTCTests.debug.xcconfig"; path = "Target Support Files/Pods-Audio_APP_WebRTCTests/Pods-Audio_APP_WebRTCTests.debug.xcconfig"; sourceTree = "<group>"; };
		8333246DC9059C669E221301 /* Pods-Audio_APP_WebRTCUITests.release.xcconfig */ = {isa = PBXFileReference; includeInIndex = 1; lastKnownFileType = text.xcconfig; name = "Pods-Audio_APP_WebRTCUITests.release.xcconfig"; path = "Target Support Files/Pods-Audio_APP_WebRTCUITests/Pods-Audio_APP_WebRTCUITests.release.xcconfig"; sourceTree = "<group>"; };
		864354A4F0DB88703E4B366C /* Pods-Audio_APP_WebRTCUITests.debug.xcconfig */ = {isa = PBXFileReference; includeInIndex = 1; lastKnownFileType = text.xcconfig; name = "Pods-Audio_APP_WebRTCUITests.debug.xcconfig"; path = "Target Support Files/Pods-Audio_APP_WebRTCUITests/Pods-Audio_APP_WebRTCUITests.debug.xcconfig"; sourceTree = "<group>"; };
		88F5E8E35D4CCB84C4561076 /* Pods_Audio_APP_WebRTCTests.framework */ = {isa = PBXFileReference; explicitFileType = wrapper.framework; includeInIndex = 0; path = Pods_Audio_APP_WebRTCTests.framework; sourceTree = BUILT_PRODUCTS_DIR; };
		89B8E0FC03788458049A4238 /* Pods_Audio_APP_WebRTC.framework */ = {isa = PBXFileReference; explicitFileType = wrapper.framework; includeInIndex = 0; path = Pods_Audio_APP_WebRTC.framework; sourceTree = BUILT_PRODUCTS_DIR; };
		DCF8490EA400EB0BCE5F1381 /* Pods-Audio_APP_WebRTCTests.release.xcconfig */ = {isa = PBXFileReference; includeInIndex = 1; lastKnownFileType = text.xcconfig; name = "Pods-Audio_APP_WebRTCTests.release.xcconfig"; path = "Target Support Files/Pods-Audio_APP_WebRTCTests/Pods-Audio_APP_WebRTCTests.release.xcconfig"; sourceTree = "<group>"; };
		E613A6502F2B327E00D4D34C /* Audio_APP_WebRTC.app */ = {isa = PBXFileReference; explicitFileType = wrapper.application; includeInIndex = 0; path = Audio_APP_WebRTC.app; sourceTree = BUILT_PRODUCTS_DIR; };
		E613A65D2F2B327F00D4D34C /* Audio_APP_WebRTCTests.xctest */ = {isa = PBXFileReference; explicitFileType = wrapper.cfbundle; includeInIndex = 0; path = Audio_APP_WebRTCTests.xctest; sourceTree = BUILT_PRODUCTS_DIR; };
		E613A6672F2B327F00D4D34C /* Audio_APP_WebRTCUITests.xctest */ = {isa = PBXFileReference; explicitFileType = wrapper.cfbundle; includeInIndex = 0; path = Audio_APP_WebRTCUITests.xctest; sourceTree = BUILT_PRODUCTS_DIR; };
		ED5160811E83C541C86C7234 /* Pods_Audio_APP_WebRTCUITests.framework */ = {isa = PBXFileReference; explicitFileType = wrapper.framework; includeInIndex = 0; path = Pods_Audio_APP_WebRTCUITests.framework; sourceTree = BUILT_PRODUCTS_DIR; };
/* End PBXFileReference section */

/* Begin PBXFileSystemSynchronizedRootGroup section */
		E613A6522F2B327E00D4D34C /* Audio_APP_WebRTC */ = {
			isa = PBXFileSystemSynchronizedRootGroup;
			path = Audio_APP_WebRTC;
			sourceTree = "<group>";
		};
		E613A6602F2B327F00D4D34C /* Audio_APP_WebRTCTests */ = {
			isa = PBXFileSystemSynchronizedRootGroup;
			path = Audio_APP_WebRTCTests;
			sourceTree = "<group>";
		};
		E613A66A2F2B327F00D4D34C /* Audio_APP_WebRTCUITests */ = {
			isa = PBXFileSystemSynchronizedRootGroup;
			path = Audio_APP_WebRTCUITests;
			sourceTree = "<group>";
		};
/* End PBXFileSystemSynchronizedRootGroup section */

/* Begin PBXFrameworksBuildPhase section */
		E613A64D2F2B327E00D4D34C /* Frameworks */ = {
			isa = PBXFrameworksBuildPhase;
			buildActionMask = 2147483647;
			files = (
				707259430A2C92B82189343F /* Pods_Audio_APP_WebRTC.framework in Frameworks */,
			);
			runOnlyForDeploymentPostprocessing = 0;
		};
		E613A65A2F2B327F00D4D34C /* Frameworks */ = {
			isa = PBXFrameworksBuildPhase;
			buildActionMask = 2147483647;
			files = (
				AE73A6E76242991D27B8275C /* Pods_Audio_APP_WebRTCTests.framework in Frameworks */,
			);
			runOnlyForDeploymentPostprocessing = 0;
		};
		E613A6642F2B327F00D4D34C /* Frameworks */ = {
			isa = PBXFrameworksBuildPhase;
			buildActionMask = 2147483647;
			files = (
				7D7F94E13123B3C3F2C6BCD1 /* Pods_Audio_APP_WebRTCUITests.framework in Frameworks */,
			);
			runOnlyForDeploymentPostprocessing = 0;
		};
/* End PBXFrameworksBuildPhase section */

/* Begin PBXGroup section */
		B9045F27786C68613B4D135A /* Frameworks */ = {
			isa = PBXGroup;
			children = (
				89B8E0FC03788458049A4238 /* Pods_Audio_APP_WebRTC.framework */,
				88F5E8E35D4CCB84C4561076 /* Pods_Audio_APP_WebRTCTests.framework */,
				ED5160811E83C541C86C7234 /* Pods_Audio_APP_WebRTCUITests.framework */,
			);
			name = Frameworks;
			sourceTree = "<group>";
		};
		E613A6472F2B327E00D4D34C = {
			isa = PBXGroup;
			children = (
				E613A6522F2B327E00D4D34C /* Audio_APP_WebRTC */,
				E613A6602F2B327F00D4D34C /* Audio_APP_WebRTCTests */,
				E613A66A2F2B327F00D4D34C /* Audio_APP_WebRTCUITests */,
				E613A6512F2B327E00D4D34C /* Products */,
				FD57306129EFA6EF07186F69 /* Pods */,
				B9045F27786C68613B4D135A /* Frameworks */,
			);
			sourceTree = "<group>";
		};
		E613A6512F2B327E00D4D34C /* Products */ = {
			isa = PBXGroup;
			children = (
				E613A6502F2B327E00D4D34C /* Audio_APP_WebRTC.app */,
				E613A65D2F2B327F00D4D34C /* Audio_APP_WebRTCTests.xctest */,
				E613A6672F2B327F00D4D34C /* Audio_APP_WebRTCUITests.xctest */,
			);
			name = Products;
			sourceTree = "<group>";
		};
		FD57306129EFA6EF07186F69 /* Pods */ = {
			isa = PBXGroup;
			children = (
				26D8E50599977CDFAF10004B /* Pods-Audio_APP_WebRTC.debug.xcconfig */,
				3DFA1A39C985BE183CA9AEEF /* Pods-Audio_APP_WebRTC.release.xcconfig */,
				3EF2A5930E3E0B32CD318CD7 /* Pods-Audio_APP_WebRTCTests.debug.xcconfig */,
				DCF8490EA400EB0BCE5F1381 /* Pods-Audio_APP_WebRTCTests.release.xcconfig */,
				864354A4F0DB88703E4B366C /* Pods-Audio_APP_WebRTCUITests.debug.xcconfig */,
				8333246DC9059C669E221301 /* Pods-Audio_APP_WebRTCUITests.release.xcconfig */,
			);
			path = Pods;
			sourceTree = "<group>";
		};
/* End PBXGroup section */

/* Begin PBXNativeTarget section */
		E613A64F2F2B327E00D4D34C /* Audio_APP_WebRTC */ = {
			isa = PBXNativeTarget;
			buildConfigurationList = E613A6712F2B327F00D4D34C /* Build configuration list for PBXNativeTarget "Audio_APP_WebRTC" */;
			buildPhases = (
				2DE93D42C359DB731967EFEB /* [CP] Check Pods Manifest.lock */,
				E613A64C2F2B327E00D4D34C /* Sources */,
				E613A64D2F2B327E00D4D34C /* Frameworks */,
				E613A64E2F2B327E00D4D34C /* Resources */,
				BE78292D9FF5EA969DDF85E1 /* [CP] Embed Pods Frameworks */,
			);
			buildRules = (
			);
			dependencies = (
			);
			fileSystemSynchronizedGroups = (
				E613A6522F2B327E00D4D34C /* Audio_APP_WebRTC */,
			);
			name = Audio_APP_WebRTC;
			productName = Audio_APP_WebRTC;
			productReference = E613A6502F2B327E00D4D34C /* Audio_APP_WebRTC.app */;
			productType = "com.apple.product-type.application";
		};
		E613A65C2F2B327F00D4D34C /* Audio_APP_WebRTCTests */ = {
			isa = PBXNativeTarget;
			buildConfigurationList = E613A6742F2B327F00D4D34C /* Build configuration list for PBXNativeTarget "Audio_APP_WebRTCTests" */;
			buildPhases = (
				11DFF944A0A0E13B40586B7C /* [CP] Check Pods Manifest.lock */,
				E613A6592F2B327F00D4D34C /* Sources */,
				E613A65A2F2B327F00D4D34C /* Frameworks */,
				E613A65B2F2B327F00D4D34C /* Resources */,
			);
			buildRules = (
			);
			dependencies = (
				E613A65F2F2B327F00D4D34C /* PBXTargetDependency */,
			);
			fileSystemSynchronizedGroups = (
				E613A6602F2B327F00D4D34C /* Audio_APP_WebRTCTests */,
			);
			name = Audio_APP_WebRTCTests;
			productName = Audio_APP_WebRTCTests;
			productReference = E613A65D2F2B327F00D4D34C /* Audio_APP_WebRTCTests.xctest */;
			productType = "com.apple.product-type.bundle.unit-test";
		};
		E613A6662F2B327F00D4D34C /* Audio_APP_WebRTCUITests */ = {
			isa = PBXNativeTarget;
			buildConfigurationList = E613A6772F2B327F00D4D34C /* Build configuration list for PBXNativeTarget "Audio_APP_WebRTCUITests" */;
			buildPhases = (
				124A27CDD6FD669D25A3F283 /* [CP] Check Pods Manifest.lock */,
				E613A6632F2B327F00D4D34C /* Sources */,
				E613A6642F2B327F00D4D34C /* Frameworks */,
				E613A6652F2B327F00D4D34C /* Resources */,
			);
			buildRules = (
			);
			dependencies = (
				E613A6692F2B327F00D4D34C /* PBXTargetDependency */,
			);
			fileSystemSynchronizedGroups = (
				E613A66A2F2B327F00D4D34C /* Audio_APP_WebRTCUITests */,
			);
			name = Audio_APP_WebRTCUITests;
			productName = Audio_APP_WebRTCUITests;
			productReference = E613A6672F2B327F00D4D34C /* Audio_APP_WebRTCUITests.xctest */;
			productType = "com.apple.product-type.bundle.ui-testing";
		};
/* End PBXNativeTarget section */

/* Begin PBXProject section */
		E613A6482F2B327E00D4D34C /* Project object */ = {
			isa = PBXProject;
			attributes = {
				BuildIndependentTargetsInParallel = 1;
				LastSwiftUpdateCheck = 2610;
				LastUpgradeCheck = 2610;
				TargetAttributes = {
					E613A64F2F2B327E00D4D34C = {
						CreatedOnToolsVersion = 26.1.1;
					};
					E613A65C2F2B327F00D4D34C = {
						CreatedOnToolsVersion = 26.1.1;
						TestTargetID = E613A64F2F2B327E00D4D34C;
					};
					E613A6662F2B327F00D4D34C = {
						CreatedOnToolsVersion = 26.1.1;
						TestTargetID = E613A64F2F2B327E00D4D34C;
					};
				};
			};
			buildConfigurationList = E613A64B2F2B327E00D4D34C /* Build configuration list for PBXProject "Audio_APP_WebRTC" */;
			developmentRegion = en;
			hasScannedForEncodings = 0;
			knownRegions = (
				en,
				Base,
			);
			mainGroup = E613A6472F2B327E00D4D34C;
			minimizedProjectReferenceProxies = 1;
			preferredProjectObjectVersion = 77;
			productRefGroup = E613A6512F2B327E00D4D34C /* Products */;
			projectDirPath = "";
			projectRoot = "";
			targets = (
				E613A64F2F2B327E00D4D34C /* Audio_APP_WebRTC */,
				E613A65C2F2B327F00D4D34C /* Audio_APP_WebRTCTests */,
				E613A6662F2B327F00D4D34C /* Audio_APP_WebRTCUITests */,
			);
		};
/* End PBXProject section */

/* Begin PBXResourcesBuildPhase section */
		E613A64E2F2B327E00D4D34C /* Resources */ = {
			isa = PBXResourcesBuildPhase;
			buildActionMask = 2147483647;
			files = (
			);
			runOnlyForDeploymentPostprocessing = 0;
		};
		E613A65B2F2B327F00D4D34C /* Resources */ = {
			isa = PBXResourcesBuildPhase;
			buildActionMask = 2147483647;
			files = (
			);
			runOnlyForDeploymentPostprocessing = 0;
		};
		E613A6652F2B327F00D4D34C /* Resources */ = {
			isa = PBXResourcesBuildPhase;
			buildActionMask = 2147483647;
			files = (
			);
			runOnlyForDeploymentPostprocessing = 0;
		};
/* End PBXResourcesBuildPhase section */

/* Begin PBXShellScriptBuildPhase section */
		11DFF944A0A0E13B40586B7C /* [CP] Check Pods Manifest.lock */ = {
			isa = PBXShellScriptBuildPhase;
			buildActionMask = 2147483647;
			files = (
			);
			inputFileListPaths = (
			);
			inputPaths = (
				"${PODS_PODFILE_DIR_PATH}/Podfile.lock",
				"${PODS_ROOT}/Manifest.lock",
			);
			name = "[CP] Check Pods Manifest.lock";
			outputFileListPaths = (
			);
			outputPaths = (
				"$(DERIVED_FILE_DIR)/Pods-Audio_APP_WebRTCTests-checkManifestLockResult.txt",
			);
			runOnlyForDeploymentPostprocessing = 0;
			shellPath = /bin/sh;
			shellScript = "diff \"${PODS_PODFILE_DIR_PATH}/Podfile.lock\" \"${PODS_ROOT}/Manifest.lock\" > /dev/null\nif [ $? != 0 ] ; then\n    # print error to STDERR\n    echo \"error: The sandbox is not in sync with the Podfile.lock. Run 'pod install' or update your CocoaPods installation.\" >&2\n    exit 1\nfi\n# This output is used by Xcode 'outputs' to avoid re-running this script phase.\necho \"SUCCESS\" > \"${SCRIPT_OUTPUT_FILE_0}\"\n";
			showEnvVarsInLog = 0;
		};
		124A27CDD6FD669D25A3F283 /* [CP] Check Pods Manifest.lock */ = {
			isa = PBXShellScriptBuildPhase;
			buildActionMask = 2147483647;
			files = (
			);
			inputFileListPaths = (
			);
			inputPaths = (
				"${PODS_PODFILE_DIR_PATH}/Podfile.lock",
				"${PODS_ROOT}/Manifest.lock",
			);
			name = "[CP] Check Pods Manifest.lock";
			outputFileListPaths = (
			);
			outputPaths = (
				"$(DERIVED_FILE_DIR)/Pods-Audio_APP_WebRTCUITests-checkManifestLockResult.txt",
			);
			runOnlyForDeploymentPostprocessing = 0;
			shellPath = /bin/sh;
			shellScript = "diff \"${PODS_PODFILE_DIR_PATH}/Podfile.lock\" \"${PODS_ROOT}/Manifest.lock\" > /dev/null\nif [ $? != 0 ] ; then\n    # print error to STDERR\n    echo \"error: The sandbox is not in sync with the Podfile.lock. Run 'pod install' or update your CocoaPods installation.\" >&2\n    exit 1\nfi\n# This output is used by Xcode 'outputs' to avoid re-running this script phase.\necho \"SUCCESS\" > \"${SCRIPT_OUTPUT_FILE_0}\"\n";
			showEnvVarsInLog = 0;
		};
		2DE93D42C359DB731967EFEB /* [CP] Check Pods Manifest.lock */ = {
			isa = PBXShellScriptBuildPhase;
			buildActionMask = 2147483647;
			files = (
			);
			inputFileListPaths = (
			);
			inputPaths = (
				"${PODS_PODFILE_DIR_PATH}/Podfile.lock",
				"${PODS_ROOT}/Manifest.lock",
			);
			name = "[CP] Check Pods Manifest.lock";
			outputFileListPaths = (
			);
			outputPaths = (
				"$(DERIVED_FILE_DIR)/Pods-Audio_APP_WebRTC-checkManifestLockResult.txt",
			);
			runOnlyForDeploymentPostprocessing = 0;
			shellPath = /bin/sh;
			shellScript = "diff \"${PODS_PODFILE_DIR_PATH}/Podfile.lock\" \"${PODS_ROOT}/Manifest.lock\" > /dev/null\nif [ $? != 0 ] ; then\n    # print error to STDERR\n    echo \"error: The sandbox is not in sync with the Podfile.lock. Run 'pod install' or update your CocoaPods installation.\" >&2\n    exit 1\nfi\n# This output is used by Xcode 'outputs' to avoid re-running this script phase.\necho \"SUCCESS\" > \"${SCRIPT_OUTPUT_FILE_0}\"\n";
			showEnvVarsInLog = 0;
		};
		BE78292D9FF5EA969DDF85E1 /* [CP] Embed Pods Frameworks */ = {
			isa = PBXShellScriptBuildPhase;
			buildActionMask = 2147483647;
			files = (
			);
			inputFileListPaths = (
				"${PODS_ROOT}/Target Support Files/Pods-Audio_APP_WebRTC/Pods-Audio_APP_WebRTC-frameworks-${CONFIGURATION}-input-files.xcfilelist",
			);
			inputPaths = (
			);
			name = "[CP] Embed Pods Frameworks";
			outputFileListPaths = (
				"${PODS_ROOT}/Target Support Files/Pods-Audio_APP_WebRTC/Pods-Audio_APP_WebRTC-frameworks-${CONFIGURATION}-output-files.xcfilelist",
			);
			outputPaths = (
			);
			runOnlyForDeploymentPostprocessing = 0;
			shellPath = /bin/sh;
			shellScript = "set -e\nexport RSYNC_PROTECT_TMP_FILES=0\n\"${PODS_ROOT}/Target Support Files/Pods-Audio_APP_WebRTC/Pods-Audio_APP_WebRTC-frameworks.sh\"\n";
			showEnvVarsInLog = 0;
		};
/* End PBXShellScriptBuildPhase section */

/* Begin PBXSourcesBuildPhase section */
		E613A64C2F2B327E00D4D34C /* Sources */ = {
			isa = PBXSourcesBuildPhase;
			buildActionMask = 2147483647;
			files = (
			);
			runOnlyForDeploymentPostprocessing = 0;
		};
		E613A6592F2B327F00D4D34C /* Sources */ = {
			isa = PBXSourcesBuildPhase;
			buildActionMask = 2147483647;
			files = (
			);
			runOnlyForDeploymentPostprocessing = 0;
		};
		E613A6632F2B327F00D4D34C /* Sources */ = {
			isa = PBXSourcesBuildPhase;
			buildActionMask = 2147483647;
			files = (
			);
			runOnlyForDeploymentPostprocessing = 0;
		};
/* End PBXSourcesBuildPhase section */

/* Begin PBXTargetDependency section */
		E613A65F2F2B327F00D4D34C /* PBXTargetDependency */ = {
			isa = PBXTargetDependency;
			target = E613A64F2F2B327E00D4D34C /* Audio_APP_WebRTC */;
			targetProxy = E613A65E2F2B327F00D4D34C /* PBXContainerItemProxy */;
		};
		E613A6692F2B327F00D4D34C /* PBXTargetDependency */ = {
			isa = PBXTargetDependency;
			target = E613A64F2F2B327E00D4D34C /* Audio_APP_WebRTC */;
			targetProxy = E613A6682F2B327F00D4D34C /* PBXContainerItemProxy */;
		};
/* End PBXTargetDependency section */

/* Begin XCBuildConfiguration section */
		E613A66F2F2B327F00D4D34C /* Debug */ = {
			isa = XCBuildConfiguration;
			buildSettings = {
				ALWAYS_SEARCH_USER_PATHS = NO;
				ASSETCATALOG_COMPILER_GENERATE_SWIFT_ASSET_SYMBOL_EXTENSIONS = YES;
				CLANG_ANALYZER_NONNULL = YES;
				CLANG_ANALYZER_NUMBER_OBJECT_CONVERSION = YES_AGGRESSIVE;
				CLANG_CXX_LANGUAGE_STANDARD = "gnu++20";
				CLANG_ENABLE_MODULES = YES;
				CLANG_ENABLE_OBJC_ARC = YES;
				CLANG_ENABLE_OBJC_WEAK = YES;
				CLANG_WARN_BLOCK_CAPTURE_AUTORELEASING = YES;
				CLANG_WARN_BOOL_CONVERSION = YES;
				CLANG_WARN_COMMA = YES;
				CLANG_WARN_CONSTANT_CONVERSION = YES;
				CLANG_WARN_DEPRECATED_OBJC_IMPLEMENTATIONS = YES;
				CLANG_WARN_DIRECT_OBJC_ISA_USAGE = YES_ERROR;
				CLANG_WARN_DOCUMENTATION_COMMENTS = YES;
				CLANG_WARN_EMPTY_BODY = YES;
				CLANG_WARN_ENUM_CONVERSION = YES;
				CLANG_WARN_INFINITE_RECURSION = YES;
				CLANG_WARN_INT_CONVERSION = YES;
				CLANG_WARN_NON_LITERAL_NULL_CONVERSION = YES;
				CLANG_WARN_OBJC_IMPLICIT_RETAIN_SELF = YES;
				CLANG_WARN_OBJC_LITERAL_CONVERSION = YES;
				CLANG_WARN_OBJC_ROOT_CLASS = YES_ERROR;
				CLANG_WARN_QUOTED_INCLUDE_IN_FRAMEWORK_HEADER = YES;
				CLANG_WARN_RANGE_LOOP_ANALYSIS = YES;
				CLANG_WARN_STRICT_PROTOTYPES = YES;
				CLANG_WARN_SUSPICIOUS_MOVE = YES;
				CLANG_WARN_UNGUARDED_AVAILABILITY = YES_AGGRESSIVE;
				CLANG_WARN_UNREACHABLE_CODE = YES;
				CLANG_WARN__DUPLICATE_METHOD_MATCH = YES;
				COPY_PHASE_STRIP = NO;
				DEBUG_INFORMATION_FORMAT = dwarf;
				ENABLE_STRICT_OBJC_MSGSEND = YES;
				ENABLE_TESTABILITY = YES;
				ENABLE_USER_SCRIPT_SANDBOXING = YES;
				GCC_C_LANGUAGE_STANDARD = gnu17;
				GCC_DYNAMIC_NO_PIC = NO;
				GCC_NO_COMMON_BLOCKS = YES;
				GCC_OPTIMIZATION_LEVEL = 0;
				GCC_PREPROCESSOR_DEFINITIONS = (
					"DEBUG=1",
					"$(inherited)",
				);
				GCC_WARN_64_TO_32_BIT_CONVERSION = YES;
				GCC_WARN_ABOUT_RETURN_TYPE = YES_ERROR;
				GCC_WARN_UNDECLARED_SELECTOR = YES;
				GCC_WARN_UNINITIALIZED_AUTOS = YES_AGGRESSIVE;
				GCC_WARN_UNUSED_FUNCTION = YES;
				GCC_WARN_UNUSED_VARIABLE = YES;
				IPHONEOS_DEPLOYMENT_TARGET = 26.1;
				LOCALIZATION_PREFERS_STRING_CATALOGS = YES;
				MTL_ENABLE_DEBUG_INFO = INCLUDE_SOURCE;
				MTL_FAST_MATH = YES;
				ONLY_ACTIVE_ARCH = YES;
				SDKROOT = iphoneos;
				SWIFT_ACTIVE_COMPILATION_CONDITIONS = "DEBUG $(inherited)";
				SWIFT_OPTIMIZATION_LEVEL = "-Onone";
			};
			name = Debug;
		};
		E613A6702F2B327F00D4D34C /* Release */ = {
			isa = XCBuildConfiguration;
			buildSettings = {
				ALWAYS_SEARCH_USER_PATHS = NO;
				ASSETCATALOG_COMPILER_GENERATE_SWIFT_ASSET_SYMBOL_EXTENSIONS = YES;
				CLANG_ANALYZER_NONNULL = YES;
				CLANG_ANALYZER_NUMBER_OBJECT_CONVERSION = YES_AGGRESSIVE;
				CLANG_CXX_LANGUAGE_STANDARD = "gnu++20";
				CLANG_ENABLE_MODULES = YES;
				CLANG_ENABLE_OBJC_ARC = YES;
				CLANG_ENABLE_OBJC_WEAK = YES;
				CLANG_WARN_BLOCK_CAPTURE_AUTORELEASING = YES;
				CLANG_WARN_BOOL_CONVERSION = YES;
				CLANG_WARN_COMMA = YES;
				CLANG_WARN_CONSTANT_CONVERSION = YES;
				CLANG_WARN_DEPRECATED_OBJC_IMPLEMENTATIONS = YES;
				CLANG_WARN_DIRECT_OBJC_ISA_USAGE = YES_ERROR;
				CLANG_WARN_DOCUMENTATION_COMMENTS = YES;
				CLANG_WARN_EMPTY_BODY = YES;
				CLANG_WARN_ENUM_CONVERSION = YES;
				CLANG_WARN_INFINITE_RECURSION = YES;
				CLANG_WARN_INT_CONVERSION = YES;
				CLANG_WARN_NON_LITERAL_NULL_CONVERSION = YES;
				CLANG_WARN_OBJC_IMPLICIT_RETAIN_SELF = YES;
				CLANG_WARN_OBJC_LITERAL_CONVERSION = YES;
				CLANG_WARN_OBJC_ROOT_CLASS = YES_ERROR;
				CLANG_WARN_QUOTED_INCLUDE_IN_FRAMEWORK_HEADER = YES;
				CLANG_WARN_RANGE_LOOP_ANALYSIS = YES;
				CLANG_WARN_STRICT_PROTOTYPES = YES;
				CLANG_WARN_SUSPICIOUS_MOVE = YES;
				CLANG_WARN_UNGUARDED_AVAILABILITY = YES_AGGRESSIVE;
				CLANG_WARN_UNREACHABLE_CODE = YES;
				CLANG_WARN__DUPLICATE_METHOD_MATCH = YES;
				COPY_PHASE_STRIP = NO;
				DEBUG_INFORMATION_FORMAT = "dwarf-with-dsym";
				ENABLE_NS_ASSERTIONS = NO;
				ENABLE_STRICT_OBJC_MSGSEND = YES;
				ENABLE_USER_SCRIPT_SANDBOXING = YES;
				GCC_C_LANGUAGE_STANDARD = gnu17;
				GCC_NO_COMMON_BLOCKS = YES;
				GCC_WARN_64_TO_32_BIT_CONVERSION = YES;
				GCC_WARN_ABOUT_RETURN_TYPE = YES_ERROR;
				GCC_WARN_UNDECLARED_SELECTOR = YES;
				GCC_WARN_UNINITIALIZED_AUTOS = YES_AGGRESSIVE;
				GCC_WARN_UNUSED_FUNCTION = YES;
				GCC_WARN_UNUSED_VARIABLE = YES;
				IPHONEOS_DEPLOYMENT_TARGET = 26.1;
				LOCALIZATION_PREFERS_STRING_CATALOGS = YES;
				MTL_ENABLE_DEBUG_INFO = NO;
				MTL_FAST_MATH = YES;
				SDKROOT = iphoneos;
				SWIFT_COMPILATION_MODE = wholemodule;
				VALIDATE_PRODUCT = YES;
			};
			name = Release;
		};
		E613A6722F2B327F00D4D34C /* Debug */ = {
			isa = XCBuildConfiguration;
			baseConfigurationReference = 26D8E50599977CDFAF10004B /* Pods-Audio_APP_WebRTC.debug.xcconfig */;
			buildSettings = {
				ASSETCATALOG_COMPILER_APPICON_NAME = AppIcon;
				ASSETCATALOG_COMPILER_GLOBAL_ACCENT_COLOR_NAME = AccentColor;
				CODE_SIGN_STYLE = Automatic;
				CURRENT_PROJECT_VERSION = 1;
				DEVELOPMENT_TEAM = H48WU96966;
				ENABLE_PREVIEWS = YES;
				ENABLE_USER_SCRIPT_SANDBOXING = NO;
				GENERATE_INFOPLIST_FILE = YES;
				INFOPLIST_KEY_NSMicrophoneUsageDescription = "We need access to your microphone to make one-to-one audio calls.";
				INFOPLIST_KEY_UIApplicationSceneManifest_Generation = YES;
				INFOPLIST_KEY_UIApplicationSupportsIndirectInputEvents = YES;
				INFOPLIST_KEY_UILaunchScreen_Generation = YES;
				INFOPLIST_KEY_UISupportedInterfaceOrientations_iPad = "UIInterfaceOrientationPortrait UIInterfaceOrientationPortraitUpsideDown UIInterfaceOrientationLandscapeLeft UIInterfaceOrientationLandscapeRight";
				INFOPLIST_KEY_UISupportedInterfaceOrientations_iPhone = "UIInterfaceOrientationPortrait UIInterfaceOrientationLandscapeLeft UIInterfaceOrientationLandscapeRight";
				LD_RUNPATH_SEARCH_PATHS = (
					"$(inherited)",
					"@executable_path/Frameworks",
				);
				MARKETING_VERSION = 1.0;
				PRODUCT_BUNDLE_IDENTIFIER = "s.Audiop-APP-WebRTC";
				PRODUCT_NAME = "$(TARGET_NAME)";
				STRING_CATALOG_GENERATE_SYMBOLS = YES;
				SWIFT_APPROACHABLE_CONCURRENCY = YES;
				SWIFT_DEFAULT_ACTOR_ISOLATION = MainActor;
				SWIFT_EMIT_LOC_STRINGS = YES;
				SWIFT_UPCOMING_FEATURE_MEMBER_IMPORT_VISIBILITY = YES;
				SWIFT_VERSION = 5.0;
				TARGETED_DEVICE_FAMILY = "1,2";
			};
			name = Debug;
		};
		E613A6732F2B327F00D4D34C /* Release */ = {
			isa = XCBuildConfiguration;
			baseConfigurationReference = 3DFA1A39C985BE183CA9AEEF /* Pods-Audio_APP_WebRTC.release.xcconfig */;
			buildSettings = {
				ASSETCATALOG_COMPILER_APPICON_NAME = AppIcon;
				ASSETCATALOG_COMPILER_GLOBAL_ACCENT_COLOR_NAME = AccentColor;
				CODE_SIGN_STYLE = Automatic;
				CURRENT_PROJECT_VERSION = 1;
				DEVELOPMENT_TEAM = H48WU96966;
				ENABLE_PREVIEWS = YES;
				ENABLE_USER_SCRIPT_SANDBOXING = NO;
				GENERATE_INFOPLIST_FILE = YES;
				INFOPLIST_KEY_NSMicrophoneUsageDescription = "We need access to your microphone to make one-to-one audio calls.";
				INFOPLIST_KEY_UIApplicationSceneManifest_Generation = YES;
				INFOPLIST_KEY_UIApplicationSupportsIndirectInputEvents = YES;
				INFOPLIST_KEY_UILaunchScreen_Generation = YES;
				INFOPLIST_KEY_UISupportedInterfaceOrientations_iPad = "UIInterfaceOrientationPortrait UIInterfaceOrientationPortraitUpsideDown UIInterfaceOrientationLandscapeLeft UIInterfaceOrientationLandscapeRight";
				INFOPLIST_KEY_UISupportedInterfaceOrientations_iPhone = "UIInterfaceOrientationPortrait UIInterfaceOrientationLandscapeLeft UIInterfaceOrientationLandscapeRight";
				LD_RUNPATH_SEARCH_PATHS = (
					"$(inherited)",
					"@executable_path/Frameworks",
				);
				MARKETING_VERSION = 1.0;
				PRODUCT_BUNDLE_IDENTIFIER = "s.Audiop-APP-WebRTC";
				PRODUCT_NAME = "$(TARGET_NAME)";
				STRING_CATALOG_GENERATE_SYMBOLS = YES;
				SWIFT_APPROACHABLE_CONCURRENCY = YES;
				SWIFT_DEFAULT_ACTOR_ISOLATION = MainActor;
				SWIFT_EMIT_LOC_STRINGS = YES;
				SWIFT_UPCOMING_FEATURE_MEMBER_IMPORT_VISIBILITY = YES;
				SWIFT_VERSION = 5.0;
				TARGETED_DEVICE_FAMILY = "1,2";
			};
			name = Release;
		};
		E613A6752F2B327F00D4D34C /* Debug */ = {
			isa = XCBuildConfiguration;
			baseConfigurationReference = 3EF2A5930E3E0B32CD318CD7 /* Pods-Audio_APP_WebRTCTests.debug.xcconfig */;
			buildSettings = {
				BUNDLE_LOADER = "$(TEST_HOST)";
				CODE_SIGN_STYLE = Automatic;
				CURRENT_PROJECT_VERSION = 1;
				GENERATE_INFOPLIST_FILE = YES;
				IPHONEOS_DEPLOYMENT_TARGET = 26.1;
				MARKETING_VERSION = 1.0;
				PRODUCT_BUNDLE_IDENTIFIER = "s.Audio-APP-WebRTCTests";
				PRODUCT_NAME = "$(TARGET_NAME)";
				STRING_CATALOG_GENERATE_SYMBOLS = NO;
				SWIFT_APPROACHABLE_CONCURRENCY = YES;
				SWIFT_EMIT_LOC_STRINGS = NO;
				SWIFT_UPCOMING_FEATURE_MEMBER_IMPORT_VISIBILITY = YES;
				SWIFT_VERSION = 5.0;
				TARGETED_DEVICE_FAMILY = "1,2";
				TEST_HOST = "$(BUILT_PRODUCTS_DIR)/Audio_APP_WebRTC.app/$(BUNDLE_EXECUTABLE_FOLDER_PATH)/Audio_APP_WebRTC";
			};
			name = Debug;
		};
		E613A6762F2B327F00D4D34C /* Release */ = {
			isa = XCBuildConfiguration;
			baseConfigurationReference = DCF8490EA400EB0BCE5F1381 /* Pods-Audio_APP_WebRTCTests.release.xcconfig */;
			buildSettings = {
				BUNDLE_LOADER = "$(TEST_HOST)";
				CODE_SIGN_STYLE = Automatic;
				CURRENT_PROJECT_VERSION = 1;
				GENERATE_INFOPLIST_FILE = YES;
				IPHONEOS_DEPLOYMENT_TARGET = 26.1;
				MARKETING_VERSION = 1.0;
				PRODUCT_BUNDLE_IDENTIFIER = "s.Audio-APP-WebRTCTests";
				PRODUCT_NAME = "$(TARGET_NAME)";
				STRING_CATALOG_GENERATE_SYMBOLS = NO;
				SWIFT_APPROACHABLE_CONCURRENCY = YES;
				SWIFT_EMIT_LOC_STRINGS = NO;
				SWIFT_UPCOMING_FEATURE_MEMBER_IMPORT_VISIBILITY = YES;
				SWIFT_VERSION = 5.0;
				TARGETED_DEVICE_FAMILY = "1,2";
				TEST_HOST = "$(BUILT_PRODUCTS_DIR)/Audio_APP_WebRTC.app/$(BUNDLE_EXECUTABLE_FOLDER_PATH)/Audio_APP_WebRTC";
			};
			name = Release;
		};
		E613A6782F2B327F00D4D34C /* Debug */ = {
			isa = XCBuildConfiguration;
			baseConfigurationReference = 864354A4F0DB88703E4B366C /* Pods-Audio_APP_WebRTCUITests.debug.xcconfig */;
			buildSettings = {
				CODE_SIGN_STYLE = Automatic;
				CURRENT_PROJECT_VERSION = 1;
				GENERATE_INFOPLIST_FILE = YES;
				MARKETING_VERSION = 1.0;
				PRODUCT_BUNDLE_IDENTIFIER = "s.Audio-APP-WebRTCUITests";
				PRODUCT_NAME = "$(TARGET_NAME)";
				STRING_CATALOG_GENERATE_SYMBOLS = NO;
				SWIFT_APPROACHABLE_CONCURRENCY = YES;
				SWIFT_EMIT_LOC_STRINGS = NO;
				SWIFT_UPCOMING_FEATURE_MEMBER_IMPORT_VISIBILITY = YES;
				SWIFT_VERSION = 5.0;
				TARGETED_DEVICE_FAMILY = "1,2";
				TEST_TARGET_NAME = Audio_APP_WebRTC;
			};
			name = Debug;
		};
		E613A6792F2B327F00D4D34C /* Release */ = {
			isa = XCBuildConfiguration;
			baseConfigurationReference = 8333246DC9059C669E221301 /* Pods-Audio_APP_WebRTCUITests.release.xcconfig */;
			buildSettings = {
				CODE_SIGN_STYLE = Automatic;
				CURRENT_PROJECT_VERSION = 1;
				GENERATE_INFOPLIST_FILE = YES;
				MARKETING_VERSION = 1.0;
				PRODUCT_BUNDLE_IDENTIFIER = "s.Audio-APP-WebRTCUITests";
				PRODUCT_NAME = "$(TARGET_NAME)";
				STRING_CATALOG_GENERATE_SYMBOLS = NO;
				SWIFT_APPROACHABLE_CONCURRENCY = YES;
				SWIFT_EMIT_LOC_STRINGS = NO;
				SWIFT_UPCOMING_FEATURE_MEMBER_IMPORT_VISIBILITY = YES;
				SWIFT_VERSION = 5.0;
				TARGETED_DEVICE_FAMILY = "1,2";
				TEST_TARGET_NAME = Audio_APP_WebRTC;
			};
			name = Release;
		};
/* End XCBuildConfiguration section */

/* Begin XCConfigurationList section */
		E613A64B2F2B327E00D4D34C /* Build configuration list for PBXProject "Audio_APP_WebRTC" */ = {
			isa = XCConfigurationList;
			buildConfigurations = (
				E613A66F2F2B327F00D4D34C /* Debug */,
				E613A6702F2B327F00D4D34C /* Release */,
			);
			defaultConfigurationIsVisible = 0;
			defaultConfigurationName = Release;
		};
		E613A6712F2B327F00D4D34C /* Build configuration list for PBXNativeTarget "Audio_APP_WebRTC" */ = {
			isa = XCConfigurationList;
			buildConfigurations = (
				E613A6722F2B327F00D4D34C /* Debug */,
				E613A6732F2B327F00D4D34C /* Release */,
			);
			defaultConfigurationIsVisible = 0;
			defaultConfigurationName = Release;
		};
		E613A6742F2B327F00D4D34C /* Build configuration list for PBXNativeTarget "Audio_APP_WebRTCTests" */ = {
			isa = XCConfigurationList;
			buildConfigurations = (
				E613A6752F2B327F00D4D34C /* Debug */,
				E613A6762F2B327F00D4D34C /* Release */,
			);
			defaultConfigurationIsVisible = 0;
			defaultConfigurationName = Release;
		};
		E613A6772F2B327F00D4D34C /* Build configuration list for PBXNativeTarget "Audio_APP_WebRTCUITests" */ = {
			isa = XCConfigurationList;
			buildConfigurations = (
				E613A6782F2B327F00D4D34C /* Debug */,
				E613A6792F2B327F00D4D34C /* Release */,
			);
			defaultConfigurationIsVisible = 0;
			defaultConfigurationName = Release;
		};
/* End XCConfigurationList section */
	};
	rootObject = E613A6482F2B327E00D4D34C /* Project object */;
}
